<Solution>
    <Folder Name="/src/">
        <Project Path="src/Tandem.Advanced/Tandem.Advanced.csproj" />
        <Project Path="src/Tandem.Generators/Tandem.Generators.csproj" />
        <Project Path="src/Tandem.Ledger/Tandem.Ledger.csproj" />
        <Project Path="src/Tandem.OpenAICompatible/Tandem.OpenAICompatible.csproj" />
        <Project Path="src/Tandem.Terminal/Tandem.Terminal.csproj" />
        <Project Path="src/Tandem/Tandem.csproj" />
    </Folder>
    <Folder Name="/examples/">
        <Project Path="examples/code-writer/csharp/Tandem.Sample.CodeWriter.csproj" />
        <Project Path="examples/debate/csharp/Tandem.Sample.Debate.csproj" />
        <Project Path="examples/songwriter/csharp/Tandem.Sample.Songwriter.csproj" />
    </Folder>
    <Folder Name="/tests/">
        <Project Path="tests/Tandem.Ledger.TestWorker/Tandem.Ledger.TestWorker.csproj" />
        <Project Path="tests/Tandem.ExternalConsumer.Tests/Tandem.ExternalConsumer.Tests.csproj" />
        <Project Path="tests/Tandem.Tests/Tandem.Tests.csproj" />
        <Project Path="tests/Tandem.Terminal.Tests/Tandem.Terminal.Tests.csproj" />
    </Folder>
</Solution>
